{"1.2.0",
[{<<"aws_signature">>,{pkg,<<"aws_signature">>,<<"0.3.2">>},0},
 {<<"jsone">>,{pkg,<<"jsone">>,<<"1.8.0">>},0},
 {<<"jsx">>,{pkg,<<"jsx">>,<<"3.1.0">>},0}]}.
[
{pkg_hash,[
 {<<"aws_signature">>, <<"ADF33BC4AF00B2089B7708BF20E3246F09C639A905A619B3689F0A0A22C3EF8F">>},
 {<<"jsone">>, <<"347FF1FA700E182E1F9C5012FA6D737B12C854313B9AE6954CA75D3987D6C06D">>},
 {<<"jsx">>, <<"D12516BAA0BB23A59BB35DCCAF02A1BD08243FCBB9EFE24F2D9D056CCFF71268">>}]},
{pkg_hash_ext,[
 {<<"aws_signature">>, <<"B0DAF61FEB4250A8AB0ADEA60DB3E336AF732FF71DD3FB22E45AE3DCBD071E44">>},
 {<<"jsone">>, <<"08560B78624A12E0B5E7EC0271EC8CA38EF51F63D84D84843473E14D9B12618C">>},
 {<<"jsx">>, <<"0C5CC8FDC11B53CC25CF65AC6705AD39E54ECC56D1C22E4ADB8F5A53FB9427F3">>}]}
].
